// !$*UTF8*$!
{
	archiveVersion = 1;
	classes = {
	};
	objectVersion = 50;
	objects = {

/* Begin PBXBuildFile section */
		D2A77863244887FD008657CC /* AppDelegate.swift in Sources */ = {isa = PBXBuildFile; fileRef = D2A77862244887FD008657CC /* AppDelegate.swift */; };
		D2A77865244887FD008657CC /* SceneDelegate.swift in Sources */ = {isa = PBXBuildFile; fileRef = D2A77864244887FD008657CC /* SceneDelegate.swift */; };
		D2A7786A244887FD008657CC /* Main.storyboard in Resources */ = {isa = PBXBuildFile; fileRef = D2A77868244887FD008657CC /* Main.storyboard */; };
		D2A7786C244887FF008657CC /* Assets.xcassets in Resources */ = {isa = PBXBuildFile; fileRef = D2A7786B244887FF008657CC /* Assets.xcassets */; };
		D2A7786F244887FF008657CC /* LaunchScreen.storyboard in Resources */ = {isa = PBXBuildFile; fileRef = D2A7786D244887FF008657CC /* LaunchScreen.storyboard */; };
		D2A7787824488828008657CC /* AlertViewController.swift in Sources */ = {isa = PBXBuildFile; fileRef = D2A7787624488828008657CC /* AlertViewController.swift */; };
		D2A7787924488828008657CC /* ViewController.swift in Sources */ = {isa = PBXBuildFile; fileRef = D2A7787724488828008657CC /* ViewController.swift */; };
/* End PBXBuildFile section */

/* Begin PBXFileReference section */
		D2A7785F244887FD008657CC /* CaptureLists.app */ = {isa = PBXFileReference; explicitFileType = wrapper.application; includeInIndex = 0; path = CaptureLists.app; sourceTree = BUILT_PRODUCTS_DIR; };
		D2A77862244887FD008657CC /* AppDelegate.swift */ = {isa = PBXFileReference; lastKnownFileType = sourcecode.swift; path = AppDelegate.swift; sourceTree = "<group>"; };
		D2A77864244887FD008657CC /* SceneDelegate.swift */ = {isa = PBXFileReference; lastKnownFileType = sourcecode.swift; path = SceneDelegate.swift; sourceTree = "<group>"; };
		D2A77869244887FD008657CC /* Base */ = {isa = PBXFileReference; lastKnownFileType = file.storyboard; name = Base; path = Base.lproj/Main.storyboard; sourceTree = "<group>"; };
		D2A7786B244887FF008657CC /* Assets.xcassets */ = {isa = PBXFileReference; lastKnownFileType = folder.assetcatalog; path = Assets.xcassets; sourceTree = "<group>"; };
		D2A7786E244887FF008657CC /* Base */ = {isa = PBXFileReference; lastKnownFileType = file.storyboard; name = Base; path = Base.lproj/LaunchScreen.storyboard; sourceTree = "<group>"; };
		D2A77870244887FF008657CC /* Info.plist */ = {isa = PBXFileReference; lastKnownFileType = text.plist.xml; path = Info.plist; sourceTree = "<group>"; };
		D2A7787624488828008657CC /* AlertViewController.swift */ = {isa = PBXFileReference; fileEncoding = 4; lastKnownFileType = sourcecode.swift; path = AlertViewController.swift; sourceTree = "<group>"; };
		D2A7787724488828008657CC /* ViewController.swift */ = {isa = PBXFileReference; fileEncoding = 4; lastKnownFileType = sourcecode.swift; path = ViewController.swift; sourceTree = "<group>"; };
/* End PBXFileReference section */

/* Begin PBXFrameworksBuildPhase section */
		D2A7785C244887FD008657CC /* Frameworks */ = {
			isa = PBXFrameworksBuildPhase;
			buildActionMask = 2147483647;
			files = (
			);
			runOnlyForDeploymentPostprocessing = 0;
		};
/* End PBXFrameworksBuildPhase section */

/* Begin PBXGroup section */
		D2A77856244887FD008657CC = {
			isa = PBXGroup;
			children = (
				D2A77861244887FD008657CC /* CaptureLists */,
				D2A77860244887FD008657CC /* Products */,
			);
			sourceTree = "<group>";
		};
		D2A77860244887FD008657CC /* Products */ = {
			isa = PBXGroup;
			children = (
				D2A7785F244887FD008657CC /* CaptureLists.app */,
			);
			name = Products;
			sourceTree = "<group>";
		};
		D2A77861244887FD008657CC /* CaptureLists */ = {
			isa = PBXGroup;
			children = (
				D2A7787A24488861008657CC /* App */,
				D2A7787D244888A5008657CC /* View Controllers */,
				D2A7787C24488891008657CC /* Storyboards */,
				D2A7787B24488871008657CC /* Supporting Files */,
			);
			path = CaptureLists;
			sourceTree = "<group>";
		};
		D2A7787A24488861008657CC /* App */ = {
			isa = PBXGroup;
			children = (
				D2A77862244887FD008657CC /* AppDelegate.swift */,
				D2A77864244887FD008657CC /* SceneDelegate.swift */,
			);
			path = App;
			sourceTree = "<group>";
		};
		D2A7787B24488871008657CC /* Supporting Files */ = {
			isa = PBXGroup;
			children = (
				D2A7786B244887FF008657CC /* Assets.xcassets */,
				D2A77870244887FF008657CC /* Info.plist */,
			);
			name = "Supporting Files";
			sourceTree = "<group>";
		};
		D2A7787C24488891008657CC /* Storyboards */ = {
			isa = PBXGroup;
			children = (
				D2A7786D244887FF008657CC /* LaunchScreen.storyboard */,
				D2A77868244887FD008657CC /* Main.storyboard */,
			);
			path = Storyboards;
			sourceTree = "<group>";
		};
		D2A7787D244888A5008657CC /* View Controllers */ = {
			isa = PBXGroup;
			children = (
				D2A7787624488828008657CC /* AlertViewController.swift */,
				D2A7787724488828008657CC /* ViewController.swift */,
			);
			path = "View Controllers";
			sourceTree = "<group>";
		};
/* End PBXGroup section */

/* Begin PBXNativeTarget section */
		D2A7785E244887FD008657CC /* CaptureLists */ = {
			isa = PBXNativeTarget;
			buildConfigurationList = D2A77873244887FF008657CC /* Build configuration list for PBXNativeTarget "CaptureLists" */;
			buildPhases = (
				D2A7785B244887FD008657CC /* Sources */,
				D2A7785C244887FD008657CC /* Frameworks */,
				D2A7785D244887FD008657CC /* Resources */,
			);
			buildRules = (
			);
			dependencies = (
			);
			name = CaptureLists;
			productName = CaptureLists;
			productReference = D2A7785F244887FD008657CC /* CaptureLists.app */;
			productType = "com.apple.product-type.application";
		};
/* End PBXNativeTarget section */

/* Begin PBXProject section */
		D2A77857244887FD008657CC /* Project object */ = {
			isa = PBXProject;
			attributes = {
				LastSwiftUpdateCheck = 1140;
				LastUpgradeCheck = 1140;
				ORGANIZATIONNAME = "Scott Gardner";
				TargetAttributes = {
					D2A7785E244887FD008657CC = {
						CreatedOnToolsVersion = 11.4;
					};
				};
			};
			buildConfigurationList = D2A7785A244887FD008657CC /* Build configuration list for PBXProject "CaptureLists" */;
			compatibilityVersion = "Xcode 9.3";
			developmentRegion = en;
			hasScannedForEncodings = 0;
			knownRegions = (
				en,
				Base,
			);
			mainGroup = D2A77856244887FD008657CC;
			productRefGroup = D2A77860244887FD008657CC /* Products */;
			projectDirPath = "";
			projectRoot = "";
			targets = (
				D2A7785E244887FD008657CC /* CaptureLists */,
			);
		};
/* End PBXProject section */

/* Begin PBXResourcesBuildPhase section */
		D2A7785D244887FD008657CC /* Resources */ = {
			isa = PBXResourcesBuildPhase;
			buildActionMask = 2147483647;
			files = (
				D2A7786F244887FF008657CC /* LaunchScreen.storyboard in Resources */,
				D2A7786C244887FF008657CC /* Assets.xcassets in Resources */,
				D2A7786A244887FD008657CC /* Main.storyboard in Resources */,
			);
			runOnlyForDeploymentPostprocessing = 0;
		};
/* End PBXResourcesBuildPhase section */

/* Begin PBXSourcesBuildPhase section */
		D2A7785B244887FD008657CC /* Sources */ = {
			isa = PBXSourcesBuildPhase;
			buildActionMask = 2147483647;
			files = (
				D2A77863244887FD008657CC /* AppDelegate.swift in Sources */,
				D2A7787824488828008657CC /* AlertViewController.swift in Sources */,
				D2A7787924488828008657CC /* ViewController.swift in Sources */,
				D2A77865244887FD008657CC /* SceneDelegate.swift in Sources */,
			);
			runOnlyForDeploymentPostprocessing = 0;
		};
/* End PBXSourcesBuildPhase section */

/* Begin PBXVariantGroup section */
		D2A77868244887FD008657CC /* Main.storyboard */ = {
			isa = PBXVariantGroup;
			children = (
				D2A77869244887FD008657CC /* Base */,
			);
			name = Main.storyboard;
			sourceTree = "<group>";
		};
		D2A7786D244887FF008657CC /* LaunchScreen.storyboard */ = {
			isa = PBXVariantGroup;
			children = (
				D2A7786E244887FF008657CC /* Base */,
			);
			name = LaunchScreen.storyboard;
			sourceTree = "<group>";
		};
/* End PBXVariantGroup section */

/* Begin XCBuildConfiguration section */
		D2A77871244887FF008657CC /* Debug */ = {
			isa = XCBuildConfiguration;
			buildSettings = {
				ALWAYS_SEARCH_USER_PATHS = NO;
				CLANG_ANALYZER_NONNULL = YES;
				CLANG_ANALYZER_NUMBER_OBJECT_CONVERSION = YES_AGGRESSIVE;
				CLANG_CXX_LANGUAGE_STANDARD = "gnu++14";
				CLANG_CXX_LIBRARY = "libc++";
				CLANG_ENABLE_MODULES = YES;
				CLANG_ENABLE_OBJC_ARC = YES;
				CLANG_ENABLE_OBJC_WEAK = YES;
				CLANG_WARN_BLOCK_CAPTURE_AUTORELEASING = YES;
				CLANG_WARN_BOOL_CONVERSION = YES;
				CLANG_WARN_COMMA = YES;
				CLANG_WARN_CONSTANT_CONVERSION = YES;
				CLANG_WARN_DEPRECATED_OBJC_IMPLEMENTATIONS = YES;
				CLANG_WARN_DIRECT_OBJC_ISA_USAGE = YES_ERROR;
				CLANG_WARN_DOCUMENTATION_COMMENTS = YES;
				CLANG_WARN_EMPTY_BODY = YES;
				CLANG_WARN_ENUM_CONVERSION = YES;
				CLANG_WARN_INFINITE_RECURSION = YES;
				CLANG_WARN_INT_CONVERSION = YES;
				CLANG_WARN_NON_LITERAL_NULL_CONVERSION = YES;
				CLANG_WARN_OBJC_IMPLICIT_RETAIN_SELF = YES;
				CLANG_WARN_OBJC_LITERAL_CONVERSION = YES;
				CLANG_WARN_OBJC_ROOT_CLASS = YES_ERROR;
				CLANG_WARN_RANGE_LOOP_ANALYSIS = YES;
				CLANG_WARN_STRICT_PROTOTYPES = YES;
				CLANG_WARN_SUSPICIOUS_MOVE = YES;
				CLANG_WARN_UNGUARDED_AVAILABILITY = YES_AGGRESSIVE;
				CLANG_WARN_UNREACHABLE_CODE = YES;
				CLANG_WARN__DUPLICATE_METHOD_MATCH = YES;
				COPY_PHASE_STRIP = NO;
				DEBUG_INFORMATION_FORMAT = dwarf;
				ENABLE_STRICT_OBJC_MSGSEND = YES;
				ENABLE_TESTABILITY = YES;
				GCC_C_LANGUAGE_STANDARD = gnu11;
				GCC_DYNAMIC_NO_PIC = NO;
				GCC_NO_COMMON_BLOCKS = YES;
				GCC_OPTIMIZATION_LEVEL = 0;
				GCC_PREPROCESSOR_DEFINITIONS = (
					"DEBUG=1",
					"$(inherited)",
				);
				GCC_WARN_64_TO_32_BIT_CONVERSION = YES;
				GCC_WARN_ABOUT_RETURN_TYPE = YES_ERROR;
				GCC_WARN_UNDECLARED_SELECTOR = YES;
				GCC_WARN_UNINITIALIZED_AUTOS = YES_AGGRESSIVE;
				GCC_WARN_UNUSED_FUNCTION = YES;
				GCC_WARN_UNUSED_VARIABLE = YES;
				IPHONEOS_DEPLOYMENT_TARGET = 13.4;
				MTL_ENABLE_DEBUG_INFO = INCLUDE_SOURCE;
				MTL_FAST_MATH = YES;
				ONLY_ACTIVE_ARCH = YES;
				SDKROOT = iphoneos;
				SWIFT_ACTIVE_COMPILATION_CONDITIONS = DEBUG;
				SWIFT_OPTIMIZATION_LEVEL = "-Onone";
			};
			name = Debug;
		};
		D2A77872244887FF008657CC /* Release */ = {
			isa = XCBuildConfiguration;
			buildSettings = {
				ALWAYS_SEARCH_USER_PATHS = NO;
				CLANG_ANALYZER_NONNULL = YES;
				CLANG_ANALYZER_NUMBER_OBJECT_CONVERSION = YES_AGGRESSIVE;
				CLANG_CXX_LANGUAGE_STANDARD = "gnu++14";
				CLANG_CXX_LIBRARY = "libc++";
				CLANG_ENABLE_MODULES = YES;
				CLANG_ENABLE_OBJC_ARC = YES;
				CLANG_ENABLE_OBJC_WEAK = YES;
				CLANG_WARN_BLOCK_CAPTURE_AUTORELEASING = YES;
				CLANG_WARN_BOOL_CONVERSION = YES;
				CLANG_WARN_COMMA = YES;
				CLANG_WARN_CONSTANT_CONVERSION = YES;
				CLANG_WARN_DEPRECATED_OBJC_IMPLEMENTATIONS = YES;
				CLANG_WARN_DIRECT_OBJC_ISA_USAGE = YES_ERROR;
				CLANG_WARN_DOCUMENTATION_COMMENTS = YES;
				CLANG_WARN_EMPTY_BODY = YES;
				CLANG_WARN_ENUM_CONVERSION = YES;
				CLANG_WARN_INFINITE_RECURSION = YES;
				CLANG_WARN_INT_CONVERSION = YES;
				CLANG_WARN_NON_LITERAL_NULL_CONVERSION = YES;
				CLANG_WARN_OBJC_IMPLICIT_RETAIN_SELF = YES;
				CLANG_WARN_OBJC_LITERAL_CONVERSION = YES;
				CLANG_WARN_OBJC_ROOT_CLASS = YES_ERROR;
				CLANG_WARN_RANGE_LOOP_ANALYSIS = YES;
				CLANG_WARN_STRICT_PROTOTYPES = YES;
				CLANG_WARN_SUSPICIOUS_MOVE = YES;
				CLANG_WARN_UNGUARDED_AVAILABILITY = YES_AGGRESSIVE;
				CLANG_WARN_UNREACHABLE_CODE = YES;
				CLANG_WARN__DUPLICATE_METHOD_MATCH = YES;
				COPY_PHASE_STRIP = NO;
				DEBUG_INFORMATION_FORMAT = "dwarf-with-dsym";
				ENABLE_NS_ASSERTIONS = NO;
				ENABLE_STRICT_OBJC_MSGSEND = YES;
				GCC_C_LANGUAGE_STANDARD = gnu11;
				GCC_NO_COMMON_BLOCKS = YES;
				GCC_WARN_64_TO_32_BIT_CONVERSION = YES;
				GCC_WARN_ABOUT_RETURN_TYPE = YES_ERROR;
				GCC_WARN_UNDECLARED_SELECTOR = YES;
				GCC_WARN_UNINITIALIZED_AUTOS = YES_AGGRESSIVE;
				GCC_WARN_UNUSED_FUNCTION = YES;
				GCC_WARN_UNUSED_VARIABLE = YES;
				IPHONEOS_DEPLOYMENT_TARGET = 13.4;
				MTL_ENABLE_DEBUG_INFO = NO;
				MTL_FAST_MATH = YES;
				SDKROOT = iphoneos;
				SWIFT_COMPILATION_MODE = wholemodule;
				SWIFT_OPTIMIZATION_LEVEL = "-O";
				VALIDATE_PRODUCT = YES;
			};
			name = Release;
		};
		D2A77874244887FF008657CC /* Debug */ = {
			isa = XCBuildConfiguration;
			buildSettings = {
				ASSETCATALOG_COMPILER_APPICON_NAME = AppIcon;
				CODE_SIGN_STYLE = Automatic;
				DEVELOPMENT_TEAM = CX893E63R7;
				INFOPLIST_FILE = CaptureLists/Info.plist;
				LD_RUNPATH_SEARCH_PATHS = (
					"$(inherited)",
					"@executable_path/Frameworks",
				);
				PRODUCT_BUNDLE_IDENTIFIER = com.scotteg.CaptureLists;
				PRODUCT_NAME = "$(TARGET_NAME)";
				SWIFT_VERSION = 5.0;
				TARGETED_DEVICE_FAMILY = "1,2";
			};
			name = Debug;
		};
		D2A77875244887FF008657CC /* Release */ = {
			isa = XCBuildConfiguration;
			buildSettings = {
				ASSETCATALOG_COMPILER_APPICON_NAME = AppIcon;
				CODE_SIGN_STYLE = Automatic;
				DEVELOPMENT_TEAM = CX893E63R7;
				INFOPLIST_FILE = CaptureLists/Info.plist;
				LD_RUNPATH_SEARCH_PATHS = (
					"$(inherited)",
					"@executable_path/Frameworks",
				);
				PRODUCT_BUNDLE_IDENTIFIER = com.scotteg.CaptureLists;
				PRODUCT_NAME = "$(TARGET_NAME)";
				SWIFT_VERSION = 5.0;
				TARGETED_DEVICE_FAMILY = "1,2";
			};
			name = Release;
		};
/* End XCBuildConfiguration section */

/* Begin XCConfigurationList section */
		D2A7785A244887FD008657CC /* Build configuration list for PBXProject "CaptureLists" */ = {
			isa = XCConfigurationList;
			buildConfigurations = (
				D2A77871244887FF008657CC /* Debug */,
				D2A77872244887FF008657CC /* Release */,
			);
			defaultConfigurationIsVisible = 0;
			defaultConfigurationName = Release;
		};
		D2A77873244887FF008657CC /* Build configuration list for PBXNativeTarget "CaptureLists" */ = {
			isa = XCConfigurationList;
			buildConfigurations = (
				D2A77874244887FF008657CC /* Debug */,
				D2A77875244887FF008657CC /* Release */,
			);
			defaultConfigurationIsVisible = 0;
			defaultConfigurationName = Release;
		};
/* End XCConfigurationList section */
	};
	rootObject = D2A77857244887FD008657CC /* Project object */;
}
